
Microsoft Visual Studio Solution File, Format Version 12.00
# Visual Studio Version 17
VisualStudioVersion = 17.11.35327.3
MinimumVisualStudioVersion = 10.0.40219.1
Project("{9A19103F-16F7-4668-BE54-9A1E7A4F7556}") = "MJ1", "MJ1\MJ1.csproj", "{03994A61-5F2A-4AF7-BA33-60E7A2E98749}"
EndProject
Project("{9A19103F-16F7-4668-BE54-9A1E7A4F7556}") = "TestBench", "TestBench\TestBench.csproj", "{A1A8C8B3-C061-43DE-BEF9-D318C0E31078}"
EndProject
Project("{9A19103F-16F7-4668-BE54-9A1E7A4F7556}") = "Algorithm", "Algorithm\Algorithm.csproj", "{8CF905AE-858B-4E80-8BD2-2DE8DEEF38B9}"
EndProject
Project("{2150E333-8FDC-42A3-9474-1A3956D46DE8}") = "Solution Items", "Solution Items", "{F552D7F6-6FEB-43B7-B329-552F28BECDA3}"
	ProjectSection(SolutionItems) = preProject
		Changelog.txt = Changelog.txt
	EndProjectSection
EndProject
Global
	GlobalSection(SolutionConfigurationPlatforms) = preSolution
		Debug|Any CPU = Debug|Any CPU
		Release|Any CPU = Release|Any CPU
	EndGlobalSection
	GlobalSection(ProjectConfigurationPlatforms) = postSolution
		{03994A61-5F2A-4AF7-BA33-60E7A2E98749}.Debug|Any CPU.ActiveCfg = Debug|Any CPU
		{03994A61-5F2A-4AF7-BA33-60E7A2E98749}.Debug|Any CPU.Build.0 = Debug|Any CPU
		{03994A61-5F2A-4AF7-BA33-60E7A2E98749}.Debug|Any CPU.Deploy.0 = Debug|Any CPU
		{03994A61-5F2A-4AF7-BA33-60E7A2E98749}.Release|Any CPU.ActiveCfg = Release|Any CPU
		{03994A61-5F2A-4AF7-BA33-60E7A2E98749}.Release|Any CPU.Build.0 = Release|Any CPU
		{03994A61-5F2A-4AF7-BA33-60E7A2E98749}.Release|Any CPU.Deploy.0 = Release|Any CPU
		{A1A8C8B3-C061-43DE-BEF9-D318C0E31078}.Debug|Any CPU.ActiveCfg = Debug|Any CPU
		{A1A8C8B3-C061-43DE-BEF9-D318C0E31078}.Debug|Any CPU.Build.0 = Debug|Any CPU
		{A1A8C8B3-C061-43DE-BEF9-D318C0E31078}.Release|Any CPU.ActiveCfg = Release|Any CPU
		{A1A8C8B3-C061-43DE-BEF9-D318C0E31078}.Release|Any CPU.Build.0 = Release|Any CPU
		{8CF905AE-858B-4E80-8BD2-2DE8DEEF38B9}.Debug|Any CPU.ActiveCfg = Debug|Any CPU
		{8CF905AE-858B-4E80-8BD2-2DE8DEEF38B9}.Debug|Any CPU.Build.0 = Debug|Any CPU
		{8CF905AE-858B-4E80-8BD2-2DE8DEEF38B9}.Release|Any CPU.ActiveCfg = Release|Any CPU
		{8CF905AE-858B-4E80-8BD2-2DE8DEEF38B9}.Release|Any CPU.Build.0 = Release|Any CPU
	EndGlobalSection
	GlobalSection(SolutionProperties) = preSolution
		HideSolutionNode = FALSE
	EndGlobalSection
	GlobalSection(ExtensibilityGlobals) = postSolution
		SolutionGuid = {0CC2670F-AE90-4728-AE0E-D22B93492F71}
	EndGlobalSection
EndGlobal
